
Microsoft Visual Studio Solution File, Format Version 12.00
# Visual Studio Version 16
VisualStudioVersion = 16.0.31019.35
MinimumVisualStudioVersion = 10.0.40219.1
Project("{9A19103F-16F7-4668-BE54-9A1E7A4F7556}") = "TimeTableManagement", "TimeTableManagement\TimeTableManagement.csproj", "{BC0AD85C-4C7B-4B7E-87D5-DFBBF16CC27D}"
EndProject
Project("{54435603-DBB4-11D2-8724-00A0C9A8B90C}") = "TMSetup", "TMSetup\TMSetup.vdproj", "{00576F56-BAF4-4547-9756-1FD8B46DB0DF}"
EndProject
Global
	GlobalSection(SolutionConfigurationPlatforms) = preSolution
		Debug|Any CPU = Debug|Any CPU
		Release|Any CPU = Release|Any CPU
	EndGlobalSection
	GlobalSection(ProjectConfigurationPlatforms) = postSolution
		{BC0AD85C-4C7B-4B7E-87D5-DFBBF16CC27D}.Debug|Any CPU.ActiveCfg = Debug|Any CPU
		{BC0AD85C-4C7B-4B7E-87D5-DFBBF16CC27D}.Debug|Any CPU.Build.0 = Debug|Any CPU
		{BC0AD85C-4C7B-4B7E-87D5-DFBBF16CC27D}.Release|Any CPU.ActiveCfg = Release|Any CPU
		{BC0AD85C-4C7B-4B7E-87D5-DFBBF16CC27D}.Release|Any CPU.Build.0 = Release|Any CPU
		{00576F56-BAF4-4547-9756-1FD8B46DB0DF}.Debug|Any CPU.ActiveCfg = Debug
		{00576F56-BAF4-4547-9756-1FD8B46DB0DF}.Release|Any CPU.ActiveCfg = Release
	EndGlobalSection
	GlobalSection(SolutionProperties) = preSolution
		HideSolutionNode = FALSE
	EndGlobalSection
	GlobalSection(ExtensibilityGlobals) = postSolution
		SolutionGuid = {1A564A82-D5D7-4ED5-AA62-C880D48F7D10}
	EndGlobalSection
EndGlobal
